
Microsoft Visual Studio Solution File, Format Version 11.00
# Visual Studio 2010
Project("{2857B73E-F847-4B02-9238-064979017E93}") = "MatMult", "MatMult\MatMult.cproj", "{43EF27E7-F3F1-4406-BD51-5FCA5DD3D1FC}"
EndProject
Global
	GlobalSection(SolutionConfigurationPlatforms) = preSolution
		Debug|Any CPU = Debug|Any CPU
		Release|Any CPU = Release|Any CPU
	EndGlobalSection
	GlobalSection(ProjectConfigurationPlatforms) = postSolution
		{43EF27E7-F3F1-4406-BD51-5FCA5DD3D1FC}.Debug|Any CPU.ActiveCfg = Debug|Any CPU
		{43EF27E7-F3F1-4406-BD51-5FCA5DD3D1FC}.Debug|Any CPU.Build.0 = Debug|Any CPU
		{43EF27E7-F3F1-4406-BD51-5FCA5DD3D1FC}.Release|Any CPU.ActiveCfg = Release|Any CPU
		{43EF27E7-F3F1-4406-BD51-5FCA5DD3D1FC}.Release|Any CPU.Build.0 = Release|Any CPU
	EndGlobalSection
	GlobalSection(MonoDevelopProperties) = preSolution
		StartupItem = MatMult\MatMult.cproj
	EndGlobalSection
EndGlobal
